// !$*UTF8*$!
{
	archiveVersion = 1;
	classes = {
	};
	objectVersion = 46;
	objects = {

/* Begin PBXBuildFile section */
		3D1A59C21B297B7000603851 /* main.m in Sources */ = {isa = PBXBuildFile; fileRef = 3D1A59C11B297B7000603851 /* main.m */; };
		3D1A59C51B297B7000603851 /* AppDelegate.m in Sources */ = {isa = PBXBuildFile; fileRef = 3D1A59C41B297B7000603851 /* AppDelegate.m */; };
		3D1A59C81B297B7000603851 /* EasyDeals.xcdatamodeld in Sources */ = {isa = PBXBuildFile; fileRef = 3D1A59C61B297B7000603851 /* EasyDeals.xcdatamodeld */; };
		3D1A59CE1B297B7000603851 /* Main.storyboard in Resources */ = {isa = PBXBuildFile; fileRef = 3D1A59CC1B297B7000603851 /* Main.storyboard */; };
		3D1A59D01B297B7000603851 /* Images.xcassets in Resources */ = {isa = PBXBuildFile; fileRef = 3D1A59CF1B297B7000603851 /* Images.xcassets */; };
		3D1A59D31B297B7000603851 /* LaunchScreen.xib in Resources */ = {isa = PBXBuildFile; fileRef = 3D1A59D11B297B7000603851 /* LaunchScreen.xib */; };
		3D1A59DF1B297B7000603851 /* EasyDealsTests.m in Sources */ = {isa = PBXBuildFile; fileRef = 3D1A59DE1B297B7000603851 /* EasyDealsTests.m */; };
		3D1A59E91B297E8300603851 /* Resources in Resources */ = {isa = PBXBuildFile; fileRef = 3D1A59E81B297E8300603851 /* Resources */; };
		3D1A59EC1B297E8D00603851 /* SWRevealViewController.m in Sources */ = {isa = PBXBuildFile; fileRef = 3D1A59EB1B297E8D00603851 /* SWRevealViewController.m */; };
		3D1A59F01B2980A400603851 /* Resources2 in Resources */ = {isa = PBXBuildFile; fileRef = 3D1A59EF1B2980A400603851 /* Resources2 */; };
		3D1A59F31B2981EF00603851 /* MainController.m in Sources */ = {isa = PBXBuildFile; fileRef = 3D1A59F21B2981EF00603851 /* MainController.m */; };
		3D1A59F61B29828200603851 /* ProductCell.m in Sources */ = {isa = PBXBuildFile; fileRef = 3D1A59F51B29828200603851 /* ProductCell.m */; };
		3D1A59F91B29847A00603851 /* SideMenuController.m in Sources */ = {isa = PBXBuildFile; fileRef = 3D1A59F81B29847A00603851 /* SideMenuController.m */; };
		3D1A59FC1B2985BA00603851 /* LoginController.m in Sources */ = {isa = PBXBuildFile; fileRef = 3D1A59FB1B2985BA00603851 /* LoginController.m */; };
		3D1A59FF1B2985CE00603851 /* SignupController.m in Sources */ = {isa = PBXBuildFile; fileRef = 3D1A59FE1B2985CE00603851 /* SignupController.m */; };
		3D1A5A021B29871F00603851 /* SideCell.m in Sources */ = {isa = PBXBuildFile; fileRef = 3D1A5A011B29871F00603851 /* SideCell.m */; };
/* End PBXBuildFile section */

/* Begin PBXContainerItemProxy section */
		3D1A59D91B297B7000603851 /* PBXContainerItemProxy */ = {
			isa = PBXContainerItemProxy;
			containerPortal = 3D1A59B41B297B6F00603851 /* Project object */;
			proxyType = 1;
			remoteGlobalIDString = 3D1A59BB1B297B7000603851;
			remoteInfo = EasyDeals;
		};
/* End PBXContainerItemProxy section */

/* Begin PBXFileReference section */
		3D1A59BC1B297B7000603851 /* EasyDeals.app */ = {isa = PBXFileReference; explicitFileType = wrapper.application; includeInIndex = 0; path = EasyDeals.app; sourceTree = BUILT_PRODUCTS_DIR; };
		3D1A59C01B297B7000603851 /* Info.plist */ = {isa = PBXFileReference; lastKnownFileType = text.plist.xml; path = Info.plist; sourceTree = "<group>"; };
		3D1A59C11B297B7000603851 /* main.m */ = {isa = PBXFileReference; lastKnownFileType = sourcecode.c.objc; path = main.m; sourceTree = "<group>"; };
		3D1A59C31B297B7000603851 /* AppDelegate.h */ = {isa = PBXFileReference; lastKnownFileType = sourcecode.c.h; path = AppDelegate.h; sourceTree = "<group>"; };
		3D1A59C41B297B7000603851 /* AppDelegate.m */ = {isa = PBXFileReference; lastKnownFileType = sourcecode.c.objc; path = AppDelegate.m; sourceTree = "<group>"; };
		3D1A59C71B297B7000603851 /* EasyDeals.xcdatamodel */ = {isa = PBXFileReference; lastKnownFileType = wrapper.xcdatamodel; path = EasyDeals.xcdatamodel; sourceTree = "<group>"; };
		3D1A59CD1B297B7000603851 /* Base */ = {isa = PBXFileReference; lastKnownFileType = file.storyboard; name = Base; path = Base.lproj/Main.storyboard; sourceTree = "<group>"; };
		3D1A59CF1B297B7000603851 /* Images.xcassets */ = {isa = PBXFileReference; lastKnownFileType = folder.assetcatalog; path = Images.xcassets; sourceTree = "<group>"; };
		3D1A59D21B297B7000603851 /* Base */ = {isa = PBXFileReference; lastKnownFileType = file.xib; name = Base; path = Base.lproj/LaunchScreen.xib; sourceTree = "<group>"; };
		3D1A59D81B297B7000603851 /* EasyDealsTests.xctest */ = {isa = PBXFileReference; explicitFileType = wrapper.cfbundle; includeInIndex = 0; path = EasyDealsTests.xctest; sourceTree = BUILT_PRODUCTS_DIR; };
		3D1A59DD1B297B7000603851 /* Info.plist */ = {isa = PBXFileReference; lastKnownFileType = text.plist.xml; path = Info.plist; sourceTree = "<group>"; };
		3D1A59DE1B297B7000603851 /* EasyDealsTests.m */ = {isa = PBXFileReference; lastKnownFileType = sourcecode.c.objc; path = EasyDealsTests.m; sourceTree = "<group>"; };
		3D1A59E81B297E8300603851 /* Resources */ = {isa = PBXFileReference; lastKnownFileType = folder; path = Resources; sourceTree = "<group>"; };
		3D1A59EA1B297E8D00603851 /* SWRevealViewController.h */ = {isa = PBXFileReference; fileEncoding = 4; lastKnownFileType = sourcecode.c.h; path = SWRevealViewController.h; sourceTree = "<group>"; };
		3D1A59EB1B297E8D00603851 /* SWRevealViewController.m */ = {isa = PBXFileReference; fileEncoding = 4; lastKnownFileType = sourcecode.c.objc; path = SWRevealViewController.m; sourceTree = "<group>"; };
		3D1A59EF1B2980A400603851 /* Resources2 */ = {isa = PBXFileReference; lastKnownFileType = folder; path = Resources2; sourceTree = "<group>"; };
		3D1A59F11B2981EF00603851 /* MainController.h */ = {isa = PBXFileReference; fileEncoding = 4; lastKnownFileType = sourcecode.c.h; path = MainController.h; sourceTree = "<group>"; };
		3D1A59F21B2981EF00603851 /* MainController.m */ = {isa = PBXFileReference; fileEncoding = 4; lastKnownFileType = sourcecode.c.objc; path = MainController.m; sourceTree = "<group>"; };
		3D1A59F41B29828200603851 /* ProductCell.h */ = {isa = PBXFileReference; fileEncoding = 4; lastKnownFileType = sourcecode.c.h; path = ProductCell.h; sourceTree = "<group>"; };
		3D1A59F51B29828200603851 /* ProductCell.m */ = {isa = PBXFileReference; fileEncoding = 4; lastKnownFileType = sourcecode.c.objc; path = ProductCell.m; sourceTree = "<group>"; };
		3D1A59F71B29847A00603851 /* SideMenuController.h */ = {isa = PBXFileReference; fileEncoding = 4; lastKnownFileType = sourcecode.c.h; path = SideMenuController.h; sourceTree = "<group>"; };
		3D1A59F81B29847A00603851 /* SideMenuController.m */ = {isa = PBXFileReference; fileEncoding = 4; lastKnownFileType = sourcecode.c.objc; path = SideMenuController.m; sourceTree = "<group>"; };
		3D1A59FA1B2985BA00603851 /* LoginController.h */ = {isa = PBXFileReference; fileEncoding = 4; lastKnownFileType = sourcecode.c.h; path = LoginController.h; sourceTree = "<group>"; };
		3D1A59FB1B2985BA00603851 /* LoginController.m */ = {isa = PBXFileReference; fileEncoding = 4; lastKnownFileType = sourcecode.c.objc; path = LoginController.m; sourceTree = "<group>"; };
		3D1A59FD1B2985CE00603851 /* SignupController.h */ = {isa = PBXFileReference; fileEncoding = 4; lastKnownFileType = sourcecode.c.h; path = SignupController.h; sourceTree = "<group>"; };
		3D1A59FE1B2985CE00603851 /* SignupController.m */ = {isa = PBXFileReference; fileEncoding = 4; lastKnownFileType = sourcecode.c.objc; path = SignupController.m; sourceTree = "<group>"; };
		3D1A5A001B29871F00603851 /* SideCell.h */ = {isa = PBXFileReference; fileEncoding = 4; lastKnownFileType = sourcecode.c.h; path = SideCell.h; sourceTree = "<group>"; };
		3D1A5A011B29871F00603851 /* SideCell.m */ = {isa = PBXFileReference; fileEncoding = 4; lastKnownFileType = sourcecode.c.objc; path = SideCell.m; sourceTree = "<group>"; };
/* End PBXFileReference section */

/* Begin PBXFrameworksBuildPhase section */
		3D1A59B91B297B7000603851 /* Frameworks */ = {
			isa = PBXFrameworksBuildPhase;
			buildActionMask = 2147483647;
			files = (
			);
			runOnlyForDeploymentPostprocessing = 0;
		};
		3D1A59D51B297B7000603851 /* Frameworks */ = {
			isa = PBXFrameworksBuildPhase;
			buildActionMask = 2147483647;
			files = (
			);
			runOnlyForDeploymentPostprocessing = 0;
		};
/* End PBXFrameworksBuildPhase section */

/* Begin PBXGroup section */
		3D1A59B31B297B6F00603851 = {
			isa = PBXGroup;
			children = (
				3D1A59BE1B297B7000603851 /* EasyDeals */,
				3D1A59DB1B297B7000603851 /* EasyDealsTests */,
				3D1A59BD1B297B7000603851 /* Products */,
			);
			sourceTree = "<group>";
		};
		3D1A59BD1B297B7000603851 /* Products */ = {
			isa = PBXGroup;
			children = (
				3D1A59BC1B297B7000603851 /* EasyDeals.app */,
				3D1A59D81B297B7000603851 /* EasyDealsTests.xctest */,
			);
			name = Products;
			sourceTree = "<group>";
		};
		3D1A59BE1B297B7000603851 /* EasyDeals */ = {
			isa = PBXGroup;
			children = (
				3DC69EDD1BE36BA200D089C1 /* Models */,
				3D1A59ED1B297E9A00603851 /* Controllers */,
				3D1A59C31B297B7000603851 /* AppDelegate.h */,
				3D1A59C41B297B7000603851 /* AppDelegate.m */,
				3D1A59CC1B297B7000603851 /* Main.storyboard */,
				3D1A59CF1B297B7000603851 /* Images.xcassets */,
				3D1A59D11B297B7000603851 /* LaunchScreen.xib */,
				3D1A59C61B297B7000603851 /* EasyDeals.xcdatamodeld */,
				3D1A59E81B297E8300603851 /* Resources */,
				3D1A59EF1B2980A400603851 /* Resources2 */,
				3D1A59BF1B297B7000603851 /* Supporting Files */,
			);
			path = EasyDeals;
			sourceTree = "<group>";
		};
		3D1A59BF1B297B7000603851 /* Supporting Files */ = {
			isa = PBXGroup;
			children = (
				3D1A59C01B297B7000603851 /* Info.plist */,
				3D1A59C11B297B7000603851 /* main.m */,
			);
			name = "Supporting Files";
			sourceTree = "<group>";
		};
		3D1A59DB1B297B7000603851 /* EasyDealsTests */ = {
			isa = PBXGroup;
			children = (
				3D1A59DE1B297B7000603851 /* EasyDealsTests.m */,
				3D1A59DC1B297B7000603851 /* Supporting Files */,
			);
			path = EasyDealsTests;
			sourceTree = "<group>";
		};
		3D1A59DC1B297B7000603851 /* Supporting Files */ = {
			isa = PBXGroup;
			children = (
				3D1A59DD1B297B7000603851 /* Info.plist */,
			);
			name = "Supporting Files";
			sourceTree = "<group>";
		};
		3D1A59ED1B297E9A00603851 /* Controllers */ = {
			isa = PBXGroup;
			children = (
				3D1A59EE1B297EAC00603851 /* SWRevealViewController */,
				3D1A59F11B2981EF00603851 /* MainController.h */,
				3D1A59F21B2981EF00603851 /* MainController.m */,
				3D1A59F41B29828200603851 /* ProductCell.h */,
				3D1A59F51B29828200603851 /* ProductCell.m */,
				3D1A59F71B29847A00603851 /* SideMenuController.h */,
				3D1A59F81B29847A00603851 /* SideMenuController.m */,
				3D1A5A001B29871F00603851 /* SideCell.h */,
				3D1A5A011B29871F00603851 /* SideCell.m */,
				3D1A59FA1B2985BA00603851 /* LoginController.h */,
				3D1A59FB1B2985BA00603851 /* LoginController.m */,
				3D1A59FD1B2985CE00603851 /* SignupController.h */,
				3D1A59FE1B2985CE00603851 /* SignupController.m */,
			);
			name = Controllers;
			sourceTree = "<group>";
		};
		3D1A59EE1B297EAC00603851 /* SWRevealViewController */ = {
			isa = PBXGroup;
			children = (
				3D1A59EA1B297E8D00603851 /* SWRevealViewController.h */,
				3D1A59EB1B297E8D00603851 /* SWRevealViewController.m */,
			);
			name = SWRevealViewController;
			sourceTree = "<group>";
		};
		3DC69EDD1BE36BA200D089C1 /* Models */ = {
			isa = PBXGroup;
			children = (
			);
			name = Models;
			sourceTree = "<group>";
		};
/* End PBXGroup section */

/* Begin PBXNativeTarget section */
		3D1A59BB1B297B7000603851 /* EasyDeals */ = {
			isa = PBXNativeTarget;
			buildConfigurationList = 3D1A59E21B297B7000603851 /* Build configuration list for PBXNativeTarget "EasyDeals" */;
			buildPhases = (
				3D1A59B81B297B7000603851 /* Sources */,
				3D1A59B91B297B7000603851 /* Frameworks */,
				3D1A59BA1B297B7000603851 /* Resources */,
			);
			buildRules = (
			);
			dependencies = (
			);
			name = EasyDeals;
			productName = EasyDeals;
			productReference = 3D1A59BC1B297B7000603851 /* EasyDeals.app */;
			productType = "com.apple.product-type.application";
		};
		3D1A59D71B297B7000603851 /* EasyDealsTests */ = {
			isa = PBXNativeTarget;
			buildConfigurationList = 3D1A59E51B297B7000603851 /* Build configuration list for PBXNativeTarget "EasyDealsTests" */;
			buildPhases = (
				3D1A59D41B297B7000603851 /* Sources */,
				3D1A59D51B297B7000603851 /* Frameworks */,
				3D1A59D61B297B7000603851 /* Resources */,
			);
			buildRules = (
			);
			dependencies = (
				3D1A59DA1B297B7000603851 /* PBXTargetDependency */,
			);
			name = EasyDealsTests;
			productName = EasyDealsTests;
			productReference = 3D1A59D81B297B7000603851 /* EasyDealsTests.xctest */;
			productType = "com.apple.product-type.bundle.unit-test";
		};
/* End PBXNativeTarget section */

/* Begin PBXProject section */
		3D1A59B41B297B6F00603851 /* Project object */ = {
			isa = PBXProject;
			attributes = {
				LastUpgradeCheck = 0630;
				ORGANIZATIONNAME = "Shahnawaz Alam";
				TargetAttributes = {
					3D1A59BB1B297B7000603851 = {
						CreatedOnToolsVersion = 6.3.1;
						DevelopmentTeam = QLMPCP4884;
					};
					3D1A59D71B297B7000603851 = {
						CreatedOnToolsVersion = 6.3.1;
						TestTargetID = 3D1A59BB1B297B7000603851;
					};
				};
			};
			buildConfigurationList = 3D1A59B71B297B6F00603851 /* Build configuration list for PBXProject "EasyDeals" */;
			compatibilityVersion = "Xcode 3.2";
			developmentRegion = English;
			hasScannedForEncodings = 0;
			knownRegions = (
				en,
				Base,
			);
			mainGroup = 3D1A59B31B297B6F00603851;
			productRefGroup = 3D1A59BD1B297B7000603851 /* Products */;
			projectDirPath = "";
			projectRoot = "";
			targets = (
				3D1A59BB1B297B7000603851 /* EasyDeals */,
				3D1A59D71B297B7000603851 /* EasyDealsTests */,
			);
		};
/* End PBXProject section */

/* Begin PBXResourcesBuildPhase section */
		3D1A59BA1B297B7000603851 /* Resources */ = {
			isa = PBXResourcesBuildPhase;
			buildActionMask = 2147483647;
			files = (
				3D1A59E91B297E8300603851 /* Resources in Resources */,
				3D1A59CE1B297B7000603851 /* Main.storyboard in Resources */,
				3D1A59F01B2980A400603851 /* Resources2 in Resources */,
				3D1A59D31B297B7000603851 /* LaunchScreen.xib in Resources */,
				3D1A59D01B297B7000603851 /* Images.xcassets in Resources */,
			);
			runOnlyForDeploymentPostprocessing = 0;
		};
		3D1A59D61B297B7000603851 /* Resources */ = {
			isa = PBXResourcesBuildPhase;
			buildActionMask = 2147483647;
			files = (
			);
			runOnlyForDeploymentPostprocessing = 0;
		};
/* End PBXResourcesBuildPhase section */

/* Begin PBXSourcesBuildPhase section */
		3D1A59B81B297B7000603851 /* Sources */ = {
			isa = PBXSourcesBuildPhase;
			buildActionMask = 2147483647;
			files = (
				3D1A59C81B297B7000603851 /* EasyDeals.xcdatamodeld in Sources */,
				3D1A59FC1B2985BA00603851 /* LoginController.m in Sources */,
				3D1A5A021B29871F00603851 /* SideCell.m in Sources */,
				3D1A59C51B297B7000603851 /* AppDelegate.m in Sources */,
				3D1A59EC1B297E8D00603851 /* SWRevealViewController.m in Sources */,
				3D1A59F31B2981EF00603851 /* MainController.m in Sources */,
				3D1A59FF1B2985CE00603851 /* SignupController.m in Sources */,
				3D1A59F91B29847A00603851 /* SideMenuController.m in Sources */,
				3D1A59C21B297B7000603851 /* main.m in Sources */,
				3D1A59F61B29828200603851 /* ProductCell.m in Sources */,
			);
			runOnlyForDeploymentPostprocessing = 0;
		};
		3D1A59D41B297B7000603851 /* Sources */ = {
			isa = PBXSourcesBuildPhase;
			buildActionMask = 2147483647;
			files = (
				3D1A59DF1B297B7000603851 /* EasyDealsTests.m in Sources */,
			);
			runOnlyForDeploymentPostprocessing = 0;
		};
/* End PBXSourcesBuildPhase section */

/* Begin PBXTargetDependency section */
		3D1A59DA1B297B7000603851 /* PBXTargetDependency */ = {
			isa = PBXTargetDependency;
			target = 3D1A59BB1B297B7000603851 /* EasyDeals */;
			targetProxy = 3D1A59D91B297B7000603851 /* PBXContainerItemProxy */;
		};
/* End PBXTargetDependency section */

/* Begin PBXVariantGroup section */
		3D1A59CC1B297B7000603851 /* Main.storyboard */ = {
			isa = PBXVariantGroup;
			children = (
				3D1A59CD1B297B7000603851 /* Base */,
			);
			name = Main.storyboard;
			sourceTree = "<group>";
		};
		3D1A59D11B297B7000603851 /* LaunchScreen.xib */ = {
			isa = PBXVariantGroup;
			children = (
				3D1A59D21B297B7000603851 /* Base */,
			);
			name = LaunchScreen.xib;
			sourceTree = "<group>";
		};
/* End PBXVariantGroup section */

/* Begin XCBuildConfiguration section */
		3D1A59E01B297B7000603851 /* Debug */ = {
			isa = XCBuildConfiguration;
			buildSettings = {
				ALWAYS_SEARCH_USER_PATHS = NO;
				CLANG_CXX_LANGUAGE_STANDARD = "gnu++0x";
				CLANG_CXX_LIBRARY = "libc++";
				CLANG_ENABLE_MODULES = YES;
				CLANG_ENABLE_OBJC_ARC = YES;
				CLANG_WARN_BOOL_CONVERSION = YES;
				CLANG_WARN_CONSTANT_CONVERSION = YES;
				CLANG_WARN_DIRECT_OBJC_ISA_USAGE = YES_ERROR;
				CLANG_WARN_EMPTY_BODY = YES;
				CLANG_WARN_ENUM_CONVERSION = YES;
				CLANG_WARN_INT_CONVERSION = YES;
				CLANG_WARN_OBJC_ROOT_CLASS = YES_ERROR;
				CLANG_WARN_UNREACHABLE_CODE = YES;
				CLANG_WARN__DUPLICATE_METHOD_MATCH = YES;
				"CODE_SIGN_IDENTITY[sdk=iphoneos*]" = "iPhone Developer";
				COPY_PHASE_STRIP = NO;
				DEBUG_INFORMATION_FORMAT = "dwarf-with-dsym";
				ENABLE_STRICT_OBJC_MSGSEND = YES;
				GCC_C_LANGUAGE_STANDARD = gnu99;
				GCC_DYNAMIC_NO_PIC = NO;
				GCC_NO_COMMON_BLOCKS = YES;
				GCC_OPTIMIZATION_LEVEL = 0;
				GCC_PREPROCESSOR_DEFINITIONS = (
					"DEBUG=1",
					"$(inherited)",
				);
				GCC_SYMBOLS_PRIVATE_EXTERN = NO;
				GCC_WARN_64_TO_32_BIT_CONVERSION = YES;
				GCC_WARN_ABOUT_RETURN_TYPE = YES_ERROR;
				GCC_WARN_UNDECLARED_SELECTOR = YES;
				GCC_WARN_UNINITIALIZED_AUTOS = YES_AGGRESSIVE;
				GCC_WARN_UNUSED_FUNCTION = YES;
				GCC_WARN_UNUSED_VARIABLE = YES;
				IPHONEOS_DEPLOYMENT_TARGET = 8.3;
				MTL_ENABLE_DEBUG_INFO = YES;
				ONLY_ACTIVE_ARCH = YES;
				SDKROOT = iphoneos;
			};
			name = Debug;
		};
		3D1A59E11B297B7000603851 /* Release */ = {
			isa = XCBuildConfiguration;
			buildSettings = {
				ALWAYS_SEARCH_USER_PATHS = NO;
				CLANG_CXX_LANGUAGE_STANDARD = "gnu++0x";
				CLANG_CXX_LIBRARY = "libc++";
				CLANG_ENABLE_MODULES = YES;
				CLANG_ENABLE_OBJC_ARC = YES;
				CLANG_WARN_BOOL_CONVERSION = YES;
				CLANG_WARN_CONSTANT_CONVERSION = YES;
				CLANG_WARN_DIRECT_OBJC_ISA_USAGE = YES_ERROR;
				CLANG_WARN_EMPTY_BODY = YES;
				CLANG_WARN_ENUM_CONVERSION = YES;
				CLANG_WARN_INT_CONVERSION = YES;
				CLANG_WARN_OBJC_ROOT_CLASS = YES_ERROR;
				CLANG_WARN_UNREACHABLE_CODE = YES;
				CLANG_WARN__DUPLICATE_METHOD_MATCH = YES;
				"CODE_SIGN_IDENTITY[sdk=iphoneos*]" = "iPhone Developer";
				COPY_PHASE_STRIP = NO;
				DEBUG_INFORMATION_FORMAT = "dwarf-with-dsym";
				ENABLE_NS_ASSERTIONS = NO;
				ENABLE_STRICT_OBJC_MSGSEND = YES;
				GCC_C_LANGUAGE_STANDARD = gnu99;
				GCC_NO_COMMON_BLOCKS = YES;
				GCC_WARN_64_TO_32_BIT_CONVERSION = YES;
				GCC_WARN_ABOUT_RETURN_TYPE = YES_ERROR;
				GCC_WARN_UNDECLARED_SELECTOR = YES;
				GCC_WARN_UNINITIALIZED_AUTOS = YES_AGGRESSIVE;
				GCC_WARN_UNUSED_FUNCTION = YES;
				GCC_WARN_UNUSED_VARIABLE = YES;
				IPHONEOS_DEPLOYMENT_TARGET = 8.3;
				MTL_ENABLE_DEBUG_INFO = NO;
				SDKROOT = iphoneos;
				VALIDATE_PRODUCT = YES;
			};
			name = Release;
		};
		3D1A59E31B297B7000603851 /* Debug */ = {
			isa = XCBuildConfiguration;
			buildSettings = {
				ASSETCATALOG_COMPILER_APPICON_NAME = AppIcon;
				CODE_SIGN_IDENTITY = "iPhone Developer";
				"CODE_SIGN_IDENTITY[sdk=iphoneos*]" = "iPhone Developer";
				INFOPLIST_FILE = EasyDeals/Info.plist;
				LD_RUNPATH_SEARCH_PATHS = "$(inherited) @executable_path/Frameworks";
				PRODUCT_NAME = "$(TARGET_NAME)";
				PROVISIONING_PROFILE = "";
				TARGETED_DEVICE_FAMILY = "1,2";
			};
			name = Debug;
		};
		3D1A59E41B297B7000603851 /* Release */ = {
			isa = XCBuildConfiguration;
			buildSettings = {
				ASSETCATALOG_COMPILER_APPICON_NAME = AppIcon;
				CODE_SIGN_IDENTITY = "iPhone Developer";
				"CODE_SIGN_IDENTITY[sdk=iphoneos*]" = "iPhone Developer";
				INFOPLIST_FILE = EasyDeals/Info.plist;
				LD_RUNPATH_SEARCH_PATHS = "$(inherited) @executable_path/Frameworks";
				PRODUCT_NAME = "$(TARGET_NAME)";
				PROVISIONING_PROFILE = "";
				TARGETED_DEVICE_FAMILY = "1,2";
			};
			name = Release;
		};
		3D1A59E61B297B7000603851 /* Debug */ = {
			isa = XCBuildConfiguration;
			buildSettings = {
				BUNDLE_LOADER = "$(TEST_HOST)";
				FRAMEWORK_SEARCH_PATHS = (
					"$(SDKROOT)/Developer/Library/Frameworks",
					"$(inherited)",
				);
				GCC_PREPROCESSOR_DEFINITIONS = (
					"DEBUG=1",
					"$(inherited)",
				);
				INFOPLIST_FILE = EasyDealsTests/Info.plist;
				LD_RUNPATH_SEARCH_PATHS = "$(inherited) @executable_path/Frameworks @loader_path/Frameworks";
				PRODUCT_NAME = "$(TARGET_NAME)";
				TEST_HOST = "$(BUILT_PRODUCTS_DIR)/EasyDeals.app/EasyDeals";
			};
			name = Debug;
		};
		3D1A59E71B297B7000603851 /* Release */ = {
			isa = XCBuildConfiguration;
			buildSettings = {
				BUNDLE_LOADER = "$(TEST_HOST)";
				FRAMEWORK_SEARCH_PATHS = (
					"$(SDKROOT)/Developer/Library/Frameworks",
					"$(inherited)",
				);
				INFOPLIST_FILE = EasyDealsTests/Info.plist;
				LD_RUNPATH_SEARCH_PATHS = "$(inherited) @executable_path/Frameworks @loader_path/Frameworks";
				PRODUCT_NAME = "$(TARGET_NAME)";
				TEST_HOST = "$(BUILT_PRODUCTS_DIR)/EasyDeals.app/EasyDeals";
			};
			name = Release;
		};
/* End XCBuildConfiguration section */

/* Begin XCConfigurationList section */
		3D1A59B71B297B6F00603851 /* Build configuration list for PBXProject "EasyDeals" */ = {
			isa = XCConfigurationList;
			buildConfigurations = (
				3D1A59E01B297B7000603851 /* Debug */,
				3D1A59E11B297B7000603851 /* Release */,
			);
			defaultConfigurationIsVisible = 0;
			defaultConfigurationName = Release;
		};
		3D1A59E21B297B7000603851 /* Build configuration list for PBXNativeTarget "EasyDeals" */ = {
			isa = XCConfigurationList;
			buildConfigurations = (
				3D1A59E31B297B7000603851 /* Debug */,
				3D1A59E41B297B7000603851 /* Release */,
			);
			defaultConfigurationIsVisible = 0;
			defaultConfigurationName = Release;
		};
		3D1A59E51B297B7000603851 /* Build configuration list for PBXNativeTarget "EasyDealsTests" */ = {
			isa = XCConfigurationList;
			buildConfigurations = (
				3D1A59E61B297B7000603851 /* Debug */,
				3D1A59E71B297B7000603851 /* Release */,
			);
			defaultConfigurationIsVisible = 0;
			defaultConfigurationName = Release;
		};
/* End XCConfigurationList section */

/* Begin XCVersionGroup section */
		3D1A59C61B297B7000603851 /* EasyDeals.xcdatamodeld */ = {
			isa = XCVersionGroup;
			children = (
				3D1A59C71B297B7000603851 /* EasyDeals.xcdatamodel */,
			);
			currentVersion = 3D1A59C71B297B7000603851 /* EasyDeals.xcdatamodel */;
			path = EasyDeals.xcdatamodeld;
			sourceTree = "<group>";
			versionGroupType = wrapper.xcdatamodel;
		};
/* End XCVersionGroup section */
	};
	rootObject = 3D1A59B41B297B6F00603851 /* Project object */;
}
